
Microsoft Visual Studio Solution File, Format Version 12.00
# Visual Studio Version 17
VisualStudioVersion = 17.8.34511.84
MinimumVisualStudioVersion = 10.0.40219.1
Project("{FAE04EC0-301F-11D3-BF4B-00C04F79EFBC}") = "rap  chieu phim", "rap  chieu phim\rap  chieu phim.csproj", "{D6D34A18-46E3-4F0C-B0F4-95CED6540A66}"
EndProject
Global
	GlobalSection(SolutionConfigurationPlatforms) = preSolution
		Debug|Any CPU = Debug|Any CPU
		Release|Any CPU = Release|Any CPU
	EndGlobalSection
	GlobalSection(ProjectConfigurationPlatforms) = postSolution
		{D6D34A18-46E3-4F0C-B0F4-95CED6540A66}.Debug|Any CPU.ActiveCfg = Debug|Any CPU
		{D6D34A18-46E3-4F0C-B0F4-95CED6540A66}.Debug|Any CPU.Build.0 = Debug|Any CPU
		{D6D34A18-46E3-4F0C-B0F4-95CED6540A66}.Release|Any CPU.ActiveCfg = Release|Any CPU
		{D6D34A18-46E3-4F0C-B0F4-95CED6540A66}.Release|Any CPU.Build.0 = Release|Any CPU
	EndGlobalSection
	GlobalSection(SolutionProperties) = preSolution
		HideSolutionNode = FALSE
	EndGlobalSection
	GlobalSection(ExtensibilityGlobals) = postSolution
		SolutionGuid = {EFE6753A-B571-4297-BBF6-57684255472A}
	EndGlobalSection
EndGlobal
